// !$*UTF8*$!
{
	archiveVersion = 1;
	classes = {
	};
	objectVersion = 50;
	objects = {

/* Begin PBXBuildFile section */
		10545796232E0B610005BD71 /* ItemTypeEnum.swift in Sources */ = {isa = PBXBuildFile; fileRef = 10545795232E0B610005BD71 /* ItemTypeEnum.swift */; };
		6D27DDA9232DD77A009130A6 /* HttpRequester.swift in Sources */ = {isa = PBXBuildFile; fileRef = 6D27DDA8232DD77A009130A6 /* HttpRequester.swift */; };
		6D27DDAB232DE633009130A6 /* BaggageItem.swift in Sources */ = {isa = PBXBuildFile; fileRef = 6D27DDAA232DE633009130A6 /* BaggageItem.swift */; };
		6D27DDAD232DE88F009130A6 /* Flights.swift in Sources */ = {isa = PBXBuildFile; fileRef = 6D27DDAC232DE88F009130A6 /* Flights.swift */; };
		6D2BB7FB232DA74500AC1764 /* AppDelegate.swift in Sources */ = {isa = PBXBuildFile; fileRef = 6D2BB7FA232DA74500AC1764 /* AppDelegate.swift */; };
		6D2BB7FD232DA74500AC1764 /* ViewController.swift in Sources */ = {isa = PBXBuildFile; fileRef = 6D2BB7FC232DA74500AC1764 /* ViewController.swift */; };
		6D2BB800232DA74500AC1764 /* Main.storyboard in Resources */ = {isa = PBXBuildFile; fileRef = 6D2BB7FE232DA74500AC1764 /* Main.storyboard */; };
		6D2BB802232DA74700AC1764 /* Assets.xcassets in Resources */ = {isa = PBXBuildFile; fileRef = 6D2BB801232DA74700AC1764 /* Assets.xcassets */; };
		6D2BB805232DA74700AC1764 /* LaunchScreen.storyboard in Resources */ = {isa = PBXBuildFile; fileRef = 6D2BB803232DA74700AC1764 /* LaunchScreen.storyboard */; };
/* End PBXBuildFile section */

/* Begin PBXFileReference section */
		10545795232E0B610005BD71 /* ItemTypeEnum.swift */ = {isa = PBXFileReference; lastKnownFileType = sourcecode.swift; path = ItemTypeEnum.swift; sourceTree = "<group>"; };
		6D27DDA8232DD77A009130A6 /* HttpRequester.swift */ = {isa = PBXFileReference; lastKnownFileType = sourcecode.swift; path = HttpRequester.swift; sourceTree = "<group>"; };
		6D27DDAA232DE633009130A6 /* BaggageItem.swift */ = {isa = PBXFileReference; lastKnownFileType = sourcecode.swift; path = BaggageItem.swift; sourceTree = "<group>"; };
		6D27DDAC232DE88F009130A6 /* Flights.swift */ = {isa = PBXFileReference; lastKnownFileType = sourcecode.swift; path = Flights.swift; sourceTree = "<group>"; };
		6D2BB7F7232DA74500AC1764 /* Reimagine.app */ = {isa = PBXFileReference; explicitFileType = wrapper.application; includeInIndex = 0; path = Reimagine.app; sourceTree = BUILT_PRODUCTS_DIR; };
		6D2BB7FA232DA74500AC1764 /* AppDelegate.swift */ = {isa = PBXFileReference; lastKnownFileType = sourcecode.swift; path = AppDelegate.swift; sourceTree = "<group>"; };
		6D2BB7FC232DA74500AC1764 /* ViewController.swift */ = {isa = PBXFileReference; lastKnownFileType = sourcecode.swift; path = ViewController.swift; sourceTree = "<group>"; };
		6D2BB7FF232DA74500AC1764 /* Base */ = {isa = PBXFileReference; lastKnownFileType = file.storyboard; name = Base; path = Base.lproj/Main.storyboard; sourceTree = "<group>"; };
		6D2BB801232DA74700AC1764 /* Assets.xcassets */ = {isa = PBXFileReference; lastKnownFileType = folder.assetcatalog; path = Assets.xcassets; sourceTree = "<group>"; };
		6D2BB804232DA74700AC1764 /* Base */ = {isa = PBXFileReference; lastKnownFileType = file.storyboard; name = Base; path = Base.lproj/LaunchScreen.storyboard; sourceTree = "<group>"; };
		6D2BB806232DA74700AC1764 /* Info.plist */ = {isa = PBXFileReference; lastKnownFileType = text.plist.xml; path = Info.plist; sourceTree = "<group>"; };
/* End PBXFileReference section */

/* Begin PBXFrameworksBuildPhase section */
		6D2BB7F4232DA74500AC1764 /* Frameworks */ = {
			isa = PBXFrameworksBuildPhase;
			buildActionMask = 2147483647;
			files = (
			);
			runOnlyForDeploymentPostprocessing = 0;
		};
/* End PBXFrameworksBuildPhase section */

/* Begin PBXGroup section */
		6D2BB7EE232DA74500AC1764 = {
			isa = PBXGroup;
			children = (
				6D2BB7F9232DA74500AC1764 /* Reimagine */,
				6D2BB7F8232DA74500AC1764 /* Products */,
			);
			sourceTree = "<group>";
		};
		6D2BB7F8232DA74500AC1764 /* Products */ = {
			isa = PBXGroup;
			children = (
				6D2BB7F7232DA74500AC1764 /* Reimagine.app */,
			);
			name = Products;
			sourceTree = "<group>";
		};
		6D2BB7F9232DA74500AC1764 /* Reimagine */ = {
			isa = PBXGroup;
			children = (
				6D2BB7FA232DA74500AC1764 /* AppDelegate.swift */,
				6D2BB7FC232DA74500AC1764 /* ViewController.swift */,
				6D2BB7FE232DA74500AC1764 /* Main.storyboard */,
				6D2BB801232DA74700AC1764 /* Assets.xcassets */,
				6D2BB803232DA74700AC1764 /* LaunchScreen.storyboard */,
				6D2BB806232DA74700AC1764 /* Info.plist */,
				6D27DDA8232DD77A009130A6 /* HttpRequester.swift */,
				6D27DDAA232DE633009130A6 /* BaggageItem.swift */,
				6D27DDAC232DE88F009130A6 /* Flights.swift */,
				10545795232E0B610005BD71 /* ItemTypeEnum.swift */,
			);
			path = Reimagine;
			sourceTree = "<group>";
		};
/* End PBXGroup section */

/* Begin PBXNativeTarget section */
		6D2BB7F6232DA74500AC1764 /* Reimagine */ = {
			isa = PBXNativeTarget;
			buildConfigurationList = 6D2BB809232DA74700AC1764 /* Build configuration list for PBXNativeTarget "Reimagine" */;
			buildPhases = (
				6D2BB7F3232DA74500AC1764 /* Sources */,
				6D2BB7F4232DA74500AC1764 /* Frameworks */,
				6D2BB7F5232DA74500AC1764 /* Resources */,
			);
			buildRules = (
			);
			dependencies = (
			);
			name = Reimagine;
			productName = Reimagine;
			productReference = 6D2BB7F7232DA74500AC1764 /* Reimagine.app */;
			productType = "com.apple.product-type.application";
		};
/* End PBXNativeTarget section */

/* Begin PBXProject section */
		6D2BB7EF232DA74500AC1764 /* Project object */ = {
			isa = PBXProject;
			attributes = {
				LastSwiftUpdateCheck = 1030;
				LastUpgradeCheck = 1030;
				ORGANIZATIONNAME = "Cameron Tucker";
				TargetAttributes = {
					6D2BB7F6232DA74500AC1764 = {
						CreatedOnToolsVersion = 10.3;
					};
				};
			};
			buildConfigurationList = 6D2BB7F2232DA74500AC1764 /* Build configuration list for PBXProject "Reimagine" */;
			compatibilityVersion = "Xcode 9.3";
			developmentRegion = en;
			hasScannedForEncodings = 0;
			knownRegions = (
				en,
				Base,
			);
			mainGroup = 6D2BB7EE232DA74500AC1764;
			productRefGroup = 6D2BB7F8232DA74500AC1764 /* Products */;
			projectDirPath = "";
			projectRoot = "";
			targets = (
				6D2BB7F6232DA74500AC1764 /* Reimagine */,
			);
		};
/* End PBXProject section */

/* Begin PBXResourcesBuildPhase section */
		6D2BB7F5232DA74500AC1764 /* Resources */ = {
			isa = PBXResourcesBuildPhase;
			buildActionMask = 2147483647;
			files = (
				6D2BB805232DA74700AC1764 /* LaunchScreen.storyboard in Resources */,
				6D2BB802232DA74700AC1764 /* Assets.xcassets in Resources */,
				6D2BB800232DA74500AC1764 /* Main.storyboard in Resources */,
			);
			runOnlyForDeploymentPostprocessing = 0;
		};
/* End PBXResourcesBuildPhase section */

/* Begin PBXSourcesBuildPhase section */
		6D2BB7F3232DA74500AC1764 /* Sources */ = {
			isa = PBXSourcesBuildPhase;
			buildActionMask = 2147483647;
			files = (
				6D27DDA9232DD77A009130A6 /* HttpRequester.swift in Sources */,
				10545796232E0B610005BD71 /* ItemTypeEnum.swift in Sources */,
				6D27DDAB232DE633009130A6 /* BaggageItem.swift in Sources */,
				6D27DDAD232DE88F009130A6 /* Flights.swift in Sources */,
				6D2BB7FD232DA74500AC1764 /* ViewController.swift in Sources */,
				6D2BB7FB232DA74500AC1764 /* AppDelegate.swift in Sources */,
			);
			runOnlyForDeploymentPostprocessing = 0;
		};
/* End PBXSourcesBuildPhase section */

/* Begin PBXVariantGroup section */
		6D2BB7FE232DA74500AC1764 /* Main.storyboard */ = {
			isa = PBXVariantGroup;
			children = (
				6D2BB7FF232DA74500AC1764 /* Base */,
			);
			name = Main.storyboard;
			sourceTree = "<group>";
		};
		6D2BB803232DA74700AC1764 /* LaunchScreen.storyboard */ = {
			isa = PBXVariantGroup;
			children = (
				6D2BB804232DA74700AC1764 /* Base */,
			);
			name = LaunchScreen.storyboard;
			sourceTree = "<group>";
		};
/* End PBXVariantGroup section */

/* Begin XCBuildConfiguration section */
		6D2BB807232DA74700AC1764 /* Debug */ = {
			isa = XCBuildConfiguration;
			buildSettings = {
				ALWAYS_SEARCH_USER_PATHS = NO;
				CLANG_ANALYZER_NONNULL = YES;
				CLANG_ANALYZER_NUMBER_OBJECT_CONVERSION = YES_AGGRESSIVE;
				CLANG_CXX_LANGUAGE_STANDARD = "gnu++14";
				CLANG_CXX_LIBRARY = "libc++";
				CLANG_ENABLE_MODULES = YES;
				CLANG_ENABLE_OBJC_ARC = YES;
				CLANG_ENABLE_OBJC_WEAK = YES;
				CLANG_WARN_BLOCK_CAPTURE_AUTORELEASING = YES;
				CLANG_WARN_BOOL_CONVERSION = YES;
				CLANG_WARN_COMMA = YES;
				CLANG_WARN_CONSTANT_CONVERSION = YES;
				CLANG_WARN_DEPRECATED_OBJC_IMPLEMENTATIONS = YES;
				CLANG_WARN_DIRECT_OBJC_ISA_USAGE = YES_ERROR;
				CLANG_WARN_DOCUMENTATION_COMMENTS = YES;
				CLANG_WARN_EMPTY_BODY = YES;
				CLANG_WARN_ENUM_CONVERSION = YES;
				CLANG_WARN_INFINITE_RECURSION = YES;
				CLANG_WARN_INT_CONVERSION = YES;
				CLANG_WARN_NON_LITERAL_NULL_CONVERSION = YES;
				CLANG_WARN_OBJC_IMPLICIT_RETAIN_SELF = YES;
				CLANG_WARN_OBJC_LITERAL_CONVERSION = YES;
				CLANG_WARN_OBJC_ROOT_CLASS = YES_ERROR;
				CLANG_WARN_RANGE_LOOP_ANALYSIS = YES;
				CLANG_WARN_STRICT_PROTOTYPES = YES;
				CLANG_WARN_SUSPICIOUS_MOVE = YES;
				CLANG_WARN_UNGUARDED_AVAILABILITY = YES_AGGRESSIVE;
				CLANG_WARN_UNREACHABLE_CODE = YES;
				CLANG_WARN__DUPLICATE_METHOD_MATCH = YES;
				CODE_SIGN_IDENTITY = "iPhone Developer";
				COPY_PHASE_STRIP = NO;
				DEBUG_INFORMATION_FORMAT = dwarf;
				ENABLE_STRICT_OBJC_MSGSEND = YES;
				ENABLE_TESTABILITY = YES;
				GCC_C_LANGUAGE_STANDARD = gnu11;
				GCC_DYNAMIC_NO_PIC = NO;
				GCC_NO_COMMON_BLOCKS = YES;
				GCC_OPTIMIZATION_LEVEL = 0;
				GCC_PREPROCESSOR_DEFINITIONS = (
					"DEBUG=1",
					"$(inherited)",
				);
				GCC_WARN_64_TO_32_BIT_CONVERSION = YES;
				GCC_WARN_ABOUT_RETURN_TYPE = YES_ERROR;
				GCC_WARN_UNDECLARED_SELECTOR = YES;
				GCC_WARN_UNINITIALIZED_AUTOS = YES_AGGRESSIVE;
				GCC_WARN_UNUSED_FUNCTION = YES;
				GCC_WARN_UNUSED_VARIABLE = YES;
				IPHONEOS_DEPLOYMENT_TARGET = 12.4;
				MTL_ENABLE_DEBUG_INFO = INCLUDE_SOURCE;
				MTL_FAST_MATH = YES;
				ONLY_ACTIVE_ARCH = YES;
				SDKROOT = iphoneos;
				SWIFT_ACTIVE_COMPILATION_CONDITIONS = DEBUG;
				SWIFT_OPTIMIZATION_LEVEL = "-Onone";
			};
			name = Debug;
		};
		6D2BB808232DA74700AC1764 /* Release */ = {
			isa = XCBuildConfiguration;
			buildSettings = {
				ALWAYS_SEARCH_USER_PATHS = NO;
				CLANG_ANALYZER_NONNULL = YES;
				CLANG_ANALYZER_NUMBER_OBJECT_CONVERSION = YES_AGGRESSIVE;
				CLANG_CXX_LANGUAGE_STANDARD = "gnu++14";
				CLANG_CXX_LIBRARY = "libc++";
				CLANG_ENABLE_MODULES = YES;
				CLANG_ENABLE_OBJC_ARC = YES;
				CLANG_ENABLE_OBJC_WEAK = YES;
				CLANG_WARN_BLOCK_CAPTURE_AUTORELEASING = YES;
				CLANG_WARN_BOOL_CONVERSION = YES;
				CLANG_WARN_COMMA = YES;
				CLANG_WARN_CONSTANT_CONVERSION = YES;
				CLANG_WARN_DEPRECATED_OBJC_IMPLEMENTATIONS = YES;
				CLANG_WARN_DIRECT_OBJC_ISA_USAGE = YES_ERROR;
				CLANG_WARN_DOCUMENTATION_COMMENTS = YES;
				CLANG_WARN_EMPTY_BODY = YES;
				CLANG_WARN_ENUM_CONVERSION = YES;
				CLANG_WARN_INFINITE_RECURSION = YES;
				CLANG_WARN_INT_CONVERSION = YES;
				CLANG_WARN_NON_LITERAL_NULL_CONVERSION = YES;
				CLANG_WARN_OBJC_IMPLICIT_RETAIN_SELF = YES;
				CLANG_WARN_OBJC_LITERAL_CONVERSION = YES;
				CLANG_WARN_OBJC_ROOT_CLASS = YES_ERROR;
				CLANG_WARN_RANGE_LOOP_ANALYSIS = YES;
				CLANG_WARN_STRICT_PROTOTYPES = YES;
				CLANG_WARN_SUSPICIOUS_MOVE = YES;
				CLANG_WARN_UNGUARDED_AVAILABILITY = YES_AGGRESSIVE;
				CLANG_WARN_UNREACHABLE_CODE = YES;
				CLANG_WARN__DUPLICATE_METHOD_MATCH = YES;
				CODE_SIGN_IDENTITY = "iPhone Developer";
				COPY_PHASE_STRIP = NO;
				DEBUG_INFORMATION_FORMAT = "dwarf-with-dsym";
				ENABLE_NS_ASSERTIONS = NO;
				ENABLE_STRICT_OBJC_MSGSEND = YES;
				GCC_C_LANGUAGE_STANDARD = gnu11;
				GCC_NO_COMMON_BLOCKS = YES;
				GCC_WARN_64_TO_32_BIT_CONVERSION = YES;
				GCC_WARN_ABOUT_RETURN_TYPE = YES_ERROR;
				GCC_WARN_UNDECLARED_SELECTOR = YES;
				GCC_WARN_UNINITIALIZED_AUTOS = YES_AGGRESSIVE;
				GCC_WARN_UNUSED_FUNCTION = YES;
				GCC_WARN_UNUSED_VARIABLE = YES;
				IPHONEOS_DEPLOYMENT_TARGET = 12.4;
				MTL_ENABLE_DEBUG_INFO = NO;
				MTL_FAST_MATH = YES;
				SDKROOT = iphoneos;
				SWIFT_COMPILATION_MODE = wholemodule;
				SWIFT_OPTIMIZATION_LEVEL = "-O";
				VALIDATE_PRODUCT = YES;
			};
			name = Release;
		};
		6D2BB80A232DA74700AC1764 /* Debug */ = {
			isa = XCBuildConfiguration;
			buildSettings = {
				ASSETCATALOG_COMPILER_APPICON_NAME = AppIcon;
				CODE_SIGN_STYLE = Automatic;
				DEVELOPMENT_TEAM = HJJG24AMX4;
				INFOPLIST_FILE = Reimagine/Info.plist;
				LD_RUNPATH_SEARCH_PATHS = (
					"$(inherited)",
					"@executable_path/Frameworks",
				);
				PRODUCT_BUNDLE_IDENTIFIER = "IOS-practice.Reimagine";
				PRODUCT_NAME = "$(TARGET_NAME)";
				SWIFT_VERSION = 5.0;
				TARGETED_DEVICE_FAMILY = "1,2";
			};
			name = Debug;
		};
		6D2BB80B232DA74700AC1764 /* Release */ = {
			isa = XCBuildConfiguration;
			buildSettings = {
				ASSETCATALOG_COMPILER_APPICON_NAME = AppIcon;
				CODE_SIGN_STYLE = Automatic;
				DEVELOPMENT_TEAM = HJJG24AMX4;
				INFOPLIST_FILE = Reimagine/Info.plist;
				LD_RUNPATH_SEARCH_PATHS = (
					"$(inherited)",
					"@executable_path/Frameworks",
				);
				PRODUCT_BUNDLE_IDENTIFIER = "IOS-practice.Reimagine";
				PRODUCT_NAME = "$(TARGET_NAME)";
				SWIFT_VERSION = 5.0;
				TARGETED_DEVICE_FAMILY = "1,2";
			};
			name = Release;
		};
/* End XCBuildConfiguration section */

/* Begin XCConfigurationList section */
		6D2BB7F2232DA74500AC1764 /* Build configuration list for PBXProject "Reimagine" */ = {
			isa = XCConfigurationList;
			buildConfigurations = (
				6D2BB807232DA74700AC1764 /* Debug */,
				6D2BB808232DA74700AC1764 /* Release */,
			);
			defaultConfigurationIsVisible = 0;
			defaultConfigurationName = Release;
		};
		6D2BB809232DA74700AC1764 /* Build configuration list for PBXNativeTarget "Reimagine" */ = {
			isa = XCConfigurationList;
			buildConfigurations = (
				6D2BB80A232DA74700AC1764 /* Debug */,
				6D2BB80B232DA74700AC1764 /* Release */,
			);
			defaultConfigurationIsVisible = 0;
			defaultConfigurationName = Release;
		};
/* End XCConfigurationList section */
	};
	rootObject = 6D2BB7EF232DA74500AC1764 /* Project object */;
}
